GEM
  remote: https://rubygems.org/
  specs:
    activemodel (8.1.2)
      activesupport (= 8.1.2)
    activerecord (8.1.2)
      activemodel (= 8.1.2)
      activesupport (= 8.1.2)
      timeout (>= 0.4.0)
    activesupport (8.1.2)
      base64
      bigdecimal
      concurrent-ruby (~> 1.0, >= 1.3.1)
      connection_pool (>= 2.2.5)
      drb
      i18n (>= 1.6, < 2)
      json
      logger (>= 1.4.2)
      minitest (>= 5.1)
      securerandom (>= 0.3)
      tzinfo (~> 2.0, >= 2.0.5)
      uri (>= 0.13.1)
    addressable (2.8.9)
      public_suffix (>= 2.0.2, < 8.0)
    ast (2.4.3)
    base64 (0.3.0)
    bigdecimal (4.0.1)
    concurrent-ruby (1.3.6)
    connection_pool (3.0.2)
    discordrb (3.7.2)
      base64 (~> 0.2)
      discordrb-webhooks (~> 3.7.2)
      ffi (>= 1.9.24)
      opus-ruby
      rest-client (>= 2.0.0)
      websocket-client-simple (>= 0.9.0)
    discordrb-webhooks (3.7.2)
      rest-client (>= 2.0.0)
    domain_name (0.6.20240107)
    drb (2.2.3)
    event_emitter (0.2.6)
    ffi (1.17.3-aarch64-linux-gnu)
    ffi (1.17.3-aarch64-linux-musl)
    ffi (1.17.3-arm-linux-gnu)
    ffi (1.17.3-arm-linux-musl)
    ffi (1.17.3-arm64-darwin)
    ffi (1.17.3-x86-linux-gnu)
    ffi (1.17.3-x86-linux-musl)
    ffi (1.17.3-x86_64-darwin)
    ffi (1.17.3-x86_64-linux-gnu)
    ffi (1.17.3-x86_64-linux-musl)
    http-accept (1.7.0)
    http-cookie (1.1.0)
      domain_name (~> 0.5)
    i18n (1.14.8)
      concurrent-ruby (~> 1.0)
    json (2.19.2)
    json-schema (6.2.0)
      addressable (~> 2.8)
      bigdecimal (>= 3.1, < 5)
    language_server-protocol (3.17.0.5)
    lint_roller (1.1.0)
    logger (1.7.0)
    lucky_case (1.1.0)
    mcp (0.8.0)
      json-schema (>= 4.1)
    mime-types (3.7.0)
      logger
      mime-types-data (~> 3.2025, >= 3.2025.0507)
    mime-types-data (3.2026.0303)
    minitest (6.0.2)
      drb (~> 2.0)
      prism (~> 1.5)
    mutex_m (0.3.0)
    netrc (0.11.0)
    observer (0.1.2)
    opus-ruby (1.0.1)
      ffi
    parallel (1.27.0)
    parser (3.3.10.2)
      ast (~> 2.4.1)
      racc
    pkg-config (1.6.5)
    prism (1.9.0)
    public_suffix (7.0.5)
    racc (1.8.1)
    rainbow (3.1.1)
    regexp_parser (2.11.3)
    rest-client (2.1.0)
      http-accept (>= 1.7.0, < 2.0)
      http-cookie (>= 1.0.2, < 2.0)
      mime-types (>= 1.16, < 4.0)
      netrc (~> 0.8)
    rmagick (6.2.0)
      observer (~> 0.1)
      pkg-config (~> 1.4)
    rubocop (1.85.1)
      json (~> 2.3)
      language_server-protocol (~> 3.17.0.2)
      lint_roller (~> 1.1.0)
      mcp (~> 0.6)
      parallel (~> 1.10)
      parser (>= 3.3.0.2)
      rainbow (>= 2.2.2, < 4.0)
      regexp_parser (>= 2.9.3, < 3.0)
      rubocop-ast (>= 1.49.0, < 2.0)
      ruby-progressbar (~> 1.7)
      unicode-display_width (>= 2.4.0, < 4.0)
    rubocop-ast (1.49.1)
      parser (>= 3.3.7.2)
      prism (~> 1.7)
    ruby-progressbar (1.13.0)
    securerandom (0.4.1)
    sqlite3 (2.9.1-aarch64-linux-gnu)
    sqlite3 (2.9.1-aarch64-linux-musl)
    sqlite3 (2.9.1-arm-linux-gnu)
    sqlite3 (2.9.1-arm-linux-musl)
    sqlite3 (2.9.1-arm64-darwin)
    sqlite3 (2.9.1-x86-linux-gnu)
    sqlite3 (2.9.1-x86-linux-musl)
    sqlite3 (2.9.1-x86_64-darwin)
    sqlite3 (2.9.1-x86_64-linux-gnu)
    sqlite3 (2.9.1-x86_64-linux-musl)
    timeout (0.6.1)
    tzinfo (2.0.6)
      concurrent-ruby (~> 1.0)
    unicode-display_width (3.2.0)
      unicode-emoji (~> 4.1)
    unicode-emoji (4.2.0)
    uri (1.1.1)
    websocket (1.2.11)
    websocket-client-simple (0.9.0)
      base64
      event_emitter
      mutex_m
      websocket
    yaml (0.4.0)

PLATFORMS
  aarch64-linux-gnu
  aarch64-linux-musl
  arm-linux-gnu
  arm-linux-musl
  arm64-darwin
  x86-linux-gnu
  x86-linux-musl
  x86_64-darwin
  x86_64-linux-gnu
  x86_64-linux-musl

DEPENDENCIES
  activerecord
  discordrb
  lucky_case
  rmagick
  rubocop
  sqlite3
  yaml

CHECKSUMS
  activemodel (8.1.2) sha256=e21358c11ce68aed3f9838b7e464977bc007b4446c6e4059781e1d5c03bcf33e
  activerecord (8.1.2) sha256=acfbe0cadfcc50fa208011fe6f4eb01cae682ebae0ef57145ba45380c74bcc44
  activesupport (8.1.2) sha256=88842578ccd0d40f658289b0e8c842acfe9af751afee2e0744a7873f50b6fdae
  addressable (2.8.9) sha256=cc154fcbe689711808a43601dee7b980238ce54368d23e127421753e46895485
  ast (2.4.3) sha256=954615157c1d6a382bc27d690d973195e79db7f55e9765ac7c481c60bdb4d383
  base64 (0.3.0) sha256=27337aeabad6ffae05c265c450490628ef3ebd4b67be58257393227588f5a97b
  bigdecimal (4.0.1) sha256=8b07d3d065a9f921c80ceaea7c9d4ae596697295b584c296fe599dd0ad01c4a7
  concurrent-ruby (1.3.6) sha256=6b56837e1e7e5292f9864f34b69c5a2cbc75c0cf5338f1ce9903d10fa762d5ab
  connection_pool (3.0.2) sha256=33fff5ba71a12d2aa26cb72b1db8bba2a1a01823559fb01d29eb74c286e62e0a
  discordrb (3.7.2) sha256=a9a32f485e639a1e63313479b40a7b49100b1b50eb74ed17b8bd413e01a3b46f
  discordrb-webhooks (3.7.2) sha256=154d8c3a31aaeb6d580456b9624e0486c28812dcc19b51d91c43a6c5600112ea
  domain_name (0.6.20240107) sha256=5f693b2215708476517479bf2b3802e49068ad82167bcd2286f899536a17d933
  drb (2.2.3) sha256=0b00d6fdb50995fe4a45dea13663493c841112e4068656854646f418fda13373
  event_emitter (0.2.6) sha256=c72697bd5cce9d36594be1972c17f1c9a573236f44303a4d1d548080364e1391
  ffi (1.17.3-aarch64-linux-gnu) sha256=28ad573df26560f0aedd8a90c3371279a0b2bd0b4e834b16a2baa10bd7a97068
  ffi (1.17.3-aarch64-linux-musl) sha256=020b33b76775b1abacc3b7d86b287cef3251f66d747092deec592c7f5df764b2
  ffi (1.17.3-arm-linux-gnu) sha256=5bd4cea83b68b5ec0037f99c57d5ce2dd5aa438f35decc5ef68a7d085c785668
  ffi (1.17.3-arm-linux-musl) sha256=0d7626bb96265f9af78afa33e267d71cfef9d9a8eb8f5525344f8da6c7d76053
  ffi (1.17.3-arm64-darwin) sha256=0c690555d4cee17a7f07c04d59df39b2fba74ec440b19da1f685c6579bb0717f
  ffi (1.17.3-x86-linux-gnu) sha256=868a88fcaf5186c3a46b7c7c2b2c34550e1e61a405670ab23f5b6c9971529089
  ffi (1.17.3-x86-linux-musl) sha256=f0286aa6ef40605cf586e61406c446de34397b85dbb08cc99fdaddaef8343945
  ffi (1.17.3-x86_64-darwin) sha256=1f211811eb5cfaa25998322cdd92ab104bfbd26d1c4c08471599c511f2c00bb5
  ffi (1.17.3-x86_64-linux-gnu) sha256=3746b01f677aae7b16dc1acb7cb3cc17b3e35bdae7676a3f568153fb0e2c887f
  ffi (1.17.3-x86_64-linux-musl) sha256=086b221c3a68320b7564066f46fed23449a44f7a1935f1fe5a245bd89d9aea56
  http-accept (1.7.0) sha256=c626860682bfbb3b46462f8c39cd470fd7b0584f61b3cc9df5b2e9eb9972a126
  http-cookie (1.1.0) sha256=38a5e60d1527eebc396831b8c4b9455440509881219273a6c99943d29eadbb19
  i18n (1.14.8) sha256=285778639134865c5e0f6269e0b818256017e8cde89993fdfcbfb64d088824a5
  json (2.19.2) sha256=e7e1bd318b2c37c4ceee2444841c86539bc462e81f40d134cf97826cb14e83cf
  json-schema (6.2.0) sha256=e8bff46ed845a22c1ab2bd0d7eccf831c01fe23bb3920caa4c74db4306813666
  language_server-protocol (3.17.0.5) sha256=fd1e39a51a28bf3eec959379985a72e296e9f9acfce46f6a79d31ca8760803cc
  lint_roller (1.1.0) sha256=2c0c845b632a7d172cb849cc90c1bce937a28c5c8ccccb50dfd46a485003cc87
  logger (1.7.0) sha256=196edec7cc44b66cfb40f9755ce11b392f21f7967696af15d274dde7edff0203
  lucky_case (1.1.0) sha256=32d8bc58b0563dc651e6760c194705e27ca5f7f471572b4fb1143ceb67b1d645
  mcp (0.8.0) sha256=ae8bd146bb8e168852866fd26f805f52744f6326afb3211e073f78a95e0c34fb
  mime-types (3.7.0) sha256=dcebf61c246f08e15a4de34e386ebe8233791e868564a470c3fe77c00eed5e56
  mime-types-data (3.2026.0303) sha256=164af1de5824c5195d4b503b0a62062383b65c08671c792412450cd22d3bc224
  minitest (6.0.2) sha256=db6e57956f6ecc6134683b4c87467d6dd792323c7f0eea7b93f66bd284adbc3d
  mutex_m (0.3.0) sha256=cfcb04ac16b69c4813777022fdceda24e9f798e48092a2b817eb4c0a782b0751
  netrc (0.11.0) sha256=de1ce33da8c99ab1d97871726cba75151113f117146becbe45aa85cb3dabee3f
  observer (0.1.2) sha256=d8a3107131ba661138d748e7be3dbafc0d82e732fffba9fccb3d7829880950ac
  opus-ruby (1.0.1) sha256=8dc808d6773a488469374cccf252808b2ad7bc7e00229a319832f0e09012ce53
  parallel (1.27.0) sha256=4ac151e1806b755fb4e2dc2332cbf0e54f2e24ba821ff2d3dcf86bf6dc4ae130
  parser (3.3.10.2) sha256=6f60c84aa4bdcedb6d1a2434b738fe8a8136807b6adc8f7f53b97da9bc4e9357
  pkg-config (1.6.5) sha256=33f9f81c5322983d22b439b8b672f27777b406fea23bfec74ff14bbeb42ec733
  prism (1.9.0) sha256=7b530c6a9f92c24300014919c9dcbc055bf4cdf51ec30aed099b06cd6674ef85
  public_suffix (7.0.5) sha256=1a8bb08f1bbea19228d3bed6e5ed908d1cb4f7c2726d18bd9cadf60bc676f623
  racc (1.8.1) sha256=4a7f6929691dbec8b5209a0b373bc2614882b55fc5d2e447a21aaa691303d62f
  rainbow (3.1.1) sha256=039491aa3a89f42efa1d6dec2fc4e62ede96eb6acd95e52f1ad581182b79bc6a
  regexp_parser (2.11.3) sha256=ca13f381a173b7a93450e53459075c9b76a10433caadcb2f1180f2c741fc55a4
  rest-client (2.1.0) sha256=35a6400bdb14fae28596618e312776c158f7ebbb0ccad752ff4fa142bf2747e3
  rmagick (6.2.0) sha256=792791ccf513d84c48bac44ae12fa6988e25d27387f95bbf4dd44dcc8486569f
  rubocop (1.85.1) sha256=3dbcf9e961baa4c376eeeb2a03913dca5e3987033b04d38fa538aa1e7406cc77
  rubocop-ast (1.49.1) sha256=4412f3ee70f6fe4546cc489548e0f6fcf76cafcfa80fa03af67098ffed755035
  ruby-progressbar (1.13.0) sha256=80fc9c47a9b640d6834e0dc7b3c94c9df37f08cb072b7761e4a71e22cff29b33
  securerandom (0.4.1) sha256=cc5193d414a4341b6e225f0cb4446aceca8e50d5e1888743fac16987638ea0b1
  sqlite3 (2.9.1-aarch64-linux-gnu) sha256=85535ddf1c37f116ebebe0330bbbffc2ccb55d09f69717a565f8cfb35142f136
  sqlite3 (2.9.1-aarch64-linux-musl) sha256=646a28a655fc0298ff4266de0af89b66477a2d9ad65cebb5abad190bb64ed092
  sqlite3 (2.9.1-arm-linux-gnu) sha256=ed25696b0fb4694ca4f47287eaaa9e0d46a0a0c92990c453743d6ab6b4f51fa0
  sqlite3 (2.9.1-arm-linux-musl) sha256=82ca90eefe50935c827ab0c8dffff5219f57b5da0c92039e3e27f7dbccc9e992
  sqlite3 (2.9.1-arm64-darwin) sha256=e0cc5521aa03361e2da56635f3745242510b0b98c4608a3824b7e31ab2e7ffb9
  sqlite3 (2.9.1-x86-linux-gnu) sha256=c3517e6f0df1f3a99fb73c5b0e6f02fc93b3b6b2ca0de72cb6d3956153310603
  sqlite3 (2.9.1-x86-linux-musl) sha256=2216ab52dbff54bbc5ea87789e02c60f1c749f7ce052cef36da542ecc9aadc25
  sqlite3 (2.9.1-x86_64-darwin) sha256=5ce2c05eed8dc7c6debd560e2c5960e36521652b9a43bc3e42bc431db600c36f
  sqlite3 (2.9.1-x86_64-linux-gnu) sha256=1cbb644204ed143e5c96f6d59b5c571ba6f18b18a9dc5aa11c101187ff227afd
  sqlite3 (2.9.1-x86_64-linux-musl) sha256=bbd50dd1caca78b6c069701d9009ef714461495985d4c374ea1a1def061ba67c
  timeout (0.6.1) sha256=78f57368a7e7bbadec56971f78a3f5ecbcfb59b7fcbb0a3ed6ddc08a5094accb
  tzinfo (2.0.6) sha256=8daf828cc77bcf7d63b0e3bdb6caa47e2272dcfaf4fbfe46f8c3a9df087a829b
  unicode-display_width (3.2.0) sha256=0cdd96b5681a5949cdbc2c55e7b420facae74c4aaf9a9815eee1087cb1853c42
  unicode-emoji (4.2.0) sha256=519e69150f75652e40bf736106cfbc8f0f73aa3fb6a65afe62fefa7f80b0f80f
  uri (1.1.1) sha256=379fa58d27ffb1387eaada68c749d1426738bd0f654d812fcc07e7568f5c57c6
  websocket (1.2.11) sha256=b7e7a74e2410b5e85c25858b26b3322f29161e300935f70a0e0d3c35e0462737
  websocket-client-simple (0.9.0) sha256=f9a37c5e4922b35a711e21e6d73ed1e25892efa47d183203ab2f5beb4e563109
  yaml (0.4.0) sha256=240e69d1e6ce3584d6085978719a0faa6218ae426e034d8f9b02fb54d3471942

BUNDLED WITH
  4.0.3
